// !$*UTF8*$!
{
	archiveVersion = 1;
	classes = {
	};
	objectVersion = 50;
	objects = {

/* Begin PBXBuildFile section */
		1C24E512218A052300E5B2F8 /* LoginViewController.swift in Sources */ = {isa = PBXBuildFile; fileRef = 1C24E511218A052300E5B2F8 /* LoginViewController.swift */; };
		1C24E514218A08CD00E5B2F8 /* InitialViewController.swift in Sources */ = {isa = PBXBuildFile; fileRef = 1C24E513218A08CD00E5B2F8 /* InitialViewController.swift */; };
		1C24E516218A0A8D00E5B2F8 /* SettingsTableViewController.swift in Sources */ = {isa = PBXBuildFile; fileRef = 1C24E515218A0A8D00E5B2F8 /* SettingsTableViewController.swift */; };
		1C24E518218A0BE600E5B2F8 /* SettingsTableViewCell.swift in Sources */ = {isa = PBXBuildFile; fileRef = 1C24E517218A0BE600E5B2F8 /* SettingsTableViewCell.swift */; };
		1C32F7722189FED700B9F773 /* AppDelegate.swift in Sources */ = {isa = PBXBuildFile; fileRef = 1C32F7712189FED700B9F773 /* AppDelegate.swift */; };
		1C32F7772189FED700B9F773 /* Main.storyboard in Resources */ = {isa = PBXBuildFile; fileRef = 1C32F7752189FED700B9F773 /* Main.storyboard */; };
		1C32F7792189FED900B9F773 /* Assets.xcassets in Resources */ = {isa = PBXBuildFile; fileRef = 1C32F7782189FED900B9F773 /* Assets.xcassets */; };
		1C32F77C2189FED900B9F773 /* LaunchScreen.storyboard in Resources */ = {isa = PBXBuildFile; fileRef = 1C32F77A2189FED900B9F773 /* LaunchScreen.storyboard */; };
		A5DA693C3C3D3CD5C1C5AEAF /* Pods_PlayPortal_Swift_Template.framework in Frameworks */ = {isa = PBXBuildFile; fileRef = 870D07D7BBC7C9EFFF2DB493 /* Pods_PlayPortal_Swift_Template.framework */; };
/* End PBXBuildFile section */

/* Begin PBXFileReference section */
		1C24E511218A052300E5B2F8 /* LoginViewController.swift */ = {isa = PBXFileReference; lastKnownFileType = sourcecode.swift; path = LoginViewController.swift; sourceTree = "<group>"; };
		1C24E513218A08CD00E5B2F8 /* InitialViewController.swift */ = {isa = PBXFileReference; lastKnownFileType = sourcecode.swift; path = InitialViewController.swift; sourceTree = "<group>"; };
		1C24E515218A0A8D00E5B2F8 /* SettingsTableViewController.swift */ = {isa = PBXFileReference; lastKnownFileType = sourcecode.swift; path = SettingsTableViewController.swift; sourceTree = "<group>"; };
		1C24E517218A0BE600E5B2F8 /* SettingsTableViewCell.swift */ = {isa = PBXFileReference; lastKnownFileType = sourcecode.swift; path = SettingsTableViewCell.swift; sourceTree = "<group>"; };
		1C32F76E2189FED700B9F773 /* PlayPortal-Swift-Template.app */ = {isa = PBXFileReference; explicitFileType = wrapper.application; includeInIndex = 0; path = "PlayPortal-Swift-Template.app"; sourceTree = BUILT_PRODUCTS_DIR; };
		1C32F7712189FED700B9F773 /* AppDelegate.swift */ = {isa = PBXFileReference; lastKnownFileType = sourcecode.swift; path = AppDelegate.swift; sourceTree = "<group>"; };
		1C32F7762189FED700B9F773 /* Base */ = {isa = PBXFileReference; lastKnownFileType = file.storyboard; name = Base; path = Base.lproj/Main.storyboard; sourceTree = "<group>"; };
		1C32F7782189FED900B9F773 /* Assets.xcassets */ = {isa = PBXFileReference; lastKnownFileType = folder.assetcatalog; path = Assets.xcassets; sourceTree = "<group>"; };
		1C32F77B2189FED900B9F773 /* Base */ = {isa = PBXFileReference; lastKnownFileType = file.storyboard; name = Base; path = Base.lproj/LaunchScreen.storyboard; sourceTree = "<group>"; };
		1C32F77D2189FED900B9F773 /* Info.plist */ = {isa = PBXFileReference; lastKnownFileType = text.plist.xml; path = Info.plist; sourceTree = "<group>"; };
		870D07D7BBC7C9EFFF2DB493 /* Pods_PlayPortal_Swift_Template.framework */ = {isa = PBXFileReference; explicitFileType = wrapper.framework; includeInIndex = 0; path = Pods_PlayPortal_Swift_Template.framework; sourceTree = BUILT_PRODUCTS_DIR; };
		94AB49066ACEC075446AC9D3 /* Pods-PlayPortal-Swift-Template.debug.xcconfig */ = {isa = PBXFileReference; includeInIndex = 1; lastKnownFileType = text.xcconfig; name = "Pods-PlayPortal-Swift-Template.debug.xcconfig"; path = "Target Support Files/Pods-PlayPortal-Swift-Template/Pods-PlayPortal-Swift-Template.debug.xcconfig"; sourceTree = "<group>"; };
		E2D1F093ECB5E69DBE8DB1E7 /* Pods-PlayPortal-Swift-Template.release.xcconfig */ = {isa = PBXFileReference; includeInIndex = 1; lastKnownFileType = text.xcconfig; name = "Pods-PlayPortal-Swift-Template.release.xcconfig"; path = "Target Support Files/Pods-PlayPortal-Swift-Template/Pods-PlayPortal-Swift-Template.release.xcconfig"; sourceTree = "<group>"; };
/* End PBXFileReference section */

/* Begin PBXFrameworksBuildPhase section */
		1C32F76B2189FED700B9F773 /* Frameworks */ = {
			isa = PBXFrameworksBuildPhase;
			buildActionMask = 2147483647;
			files = (
				A5DA693C3C3D3CD5C1C5AEAF /* Pods_PlayPortal_Swift_Template.framework in Frameworks */,
			);
			runOnlyForDeploymentPostprocessing = 0;
		};
/* End PBXFrameworksBuildPhase section */

/* Begin PBXGroup section */
		0D8E674C7CD2AD499537F94F /* Pods */ = {
			isa = PBXGroup;
			children = (
				94AB49066ACEC075446AC9D3 /* Pods-PlayPortal-Swift-Template.debug.xcconfig */,
				E2D1F093ECB5E69DBE8DB1E7 /* Pods-PlayPortal-Swift-Template.release.xcconfig */,
			);
			path = Pods;
			sourceTree = "<group>";
		};
		1C32F7652189FED700B9F773 = {
			isa = PBXGroup;
			children = (
				1C32F7702189FED700B9F773 /* PlayPortal-Swift-Template */,
				1C32F76F2189FED700B9F773 /* Products */,
				0D8E674C7CD2AD499537F94F /* Pods */,
				9A20D0FA85956E3F2ABB422E /* Frameworks */,
			);
			sourceTree = "<group>";
		};
		1C32F76F2189FED700B9F773 /* Products */ = {
			isa = PBXGroup;
			children = (
				1C32F76E2189FED700B9F773 /* PlayPortal-Swift-Template.app */,
			);
			name = Products;
			sourceTree = "<group>";
		};
		1C32F7702189FED700B9F773 /* PlayPortal-Swift-Template */ = {
			isa = PBXGroup;
			children = (
				1C32F7712189FED700B9F773 /* AppDelegate.swift */,
				1C32F7752189FED700B9F773 /* Main.storyboard */,
				1C32F7782189FED900B9F773 /* Assets.xcassets */,
				1C32F77A2189FED900B9F773 /* LaunchScreen.storyboard */,
				1C32F77D2189FED900B9F773 /* Info.plist */,
				1C24E511218A052300E5B2F8 /* LoginViewController.swift */,
				1C24E513218A08CD00E5B2F8 /* InitialViewController.swift */,
				1C24E515218A0A8D00E5B2F8 /* SettingsTableViewController.swift */,
				1C24E517218A0BE600E5B2F8 /* SettingsTableViewCell.swift */,
			);
			path = "PlayPortal-Swift-Template";
			sourceTree = "<group>";
		};
		9A20D0FA85956E3F2ABB422E /* Frameworks */ = {
			isa = PBXGroup;
			children = (
				870D07D7BBC7C9EFFF2DB493 /* Pods_PlayPortal_Swift_Template.framework */,
			);
			name = Frameworks;
			sourceTree = "<group>";
		};
/* End PBXGroup section */

/* Begin PBXNativeTarget section */
		1C32F76D2189FED700B9F773 /* PlayPortal-Swift-Template */ = {
			isa = PBXNativeTarget;
			buildConfigurationList = 1C32F7802189FED900B9F773 /* Build configuration list for PBXNativeTarget "PlayPortal-Swift-Template" */;
			buildPhases = (
				227182FB1D746B237290A20D /* [CP] Check Pods Manifest.lock */,
				1C32F76A2189FED700B9F773 /* Sources */,
				1C32F76B2189FED700B9F773 /* Frameworks */,
				1C32F76C2189FED700B9F773 /* Resources */,
				1C346D4DA2F7DCBA2F634FA2 /* [CP] Embed Pods Frameworks */,
			);
			buildRules = (
			);
			dependencies = (
			);
			name = "PlayPortal-Swift-Template";
			productName = "PlayPortal-Swift-Template";
			productReference = 1C32F76E2189FED700B9F773 /* PlayPortal-Swift-Template.app */;
			productType = "com.apple.product-type.application";
		};
/* End PBXNativeTarget section */

/* Begin PBXProject section */
		1C32F7662189FED700B9F773 /* Project object */ = {
			isa = PBXProject;
			attributes = {
				LastSwiftUpdateCheck = 1000;
				LastUpgradeCheck = 1000;
				ORGANIZATIONNAME = "Lincoln Fraley";
				TargetAttributes = {
					1C32F76D2189FED700B9F773 = {
						CreatedOnToolsVersion = 10.0;
					};
				};
			};
			buildConfigurationList = 1C32F7692189FED700B9F773 /* Build configuration list for PBXProject "PlayPortal-Swift-Template" */;
			compatibilityVersion = "Xcode 9.3";
			developmentRegion = en;
			hasScannedForEncodings = 0;
			knownRegions = (
				en,
				Base,
			);
			mainGroup = 1C32F7652189FED700B9F773;
			productRefGroup = 1C32F76F2189FED700B9F773 /* Products */;
			projectDirPath = "";
			projectRoot = "";
			targets = (
				1C32F76D2189FED700B9F773 /* PlayPortal-Swift-Template */,
			);
		};
/* End PBXProject section */

/* Begin PBXResourcesBuildPhase section */
		1C32F76C2189FED700B9F773 /* Resources */ = {
			isa = PBXResourcesBuildPhase;
			buildActionMask = 2147483647;
			files = (
				1C32F77C2189FED900B9F773 /* LaunchScreen.storyboard in Resources */,
				1C32F7792189FED900B9F773 /* Assets.xcassets in Resources */,
				1C32F7772189FED700B9F773 /* Main.storyboard in Resources */,
			);
			runOnlyForDeploymentPostprocessing = 0;
		};
/* End PBXResourcesBuildPhase section */

/* Begin PBXShellScriptBuildPhase section */
		1C346D4DA2F7DCBA2F634FA2 /* [CP] Embed Pods Frameworks */ = {
			isa = PBXShellScriptBuildPhase;
			buildActionMask = 2147483647;
			files = (
			);
			inputFileListPaths = (
			);
			inputPaths = (
				"${PODS_ROOT}/Target Support Files/Pods-PlayPortal-Swift-Template/Pods-PlayPortal-Swift-Template-frameworks.sh",
				"${BUILT_PRODUCTS_DIR}/Alamofire/Alamofire.framework",
				"${BUILT_PRODUCTS_DIR}/KeychainSwift/KeychainSwift.framework",
				"${BUILT_PRODUCTS_DIR}/PPSDK-Swift/PPSDK_Swift.framework",
			);
			name = "[CP] Embed Pods Frameworks";
			outputFileListPaths = (
			);
			outputPaths = (
				"${TARGET_BUILD_DIR}/${FRAMEWORKS_FOLDER_PATH}/Alamofire.framework",
				"${TARGET_BUILD_DIR}/${FRAMEWORKS_FOLDER_PATH}/KeychainSwift.framework",
				"${TARGET_BUILD_DIR}/${FRAMEWORKS_FOLDER_PATH}/PPSDK_Swift.framework",
			);
			runOnlyForDeploymentPostprocessing = 0;
			shellPath = /bin/sh;
			shellScript = "\"${PODS_ROOT}/Target Support Files/Pods-PlayPortal-Swift-Template/Pods-PlayPortal-Swift-Template-frameworks.sh\"\n";
			showEnvVarsInLog = 0;
		};
		227182FB1D746B237290A20D /* [CP] Check Pods Manifest.lock */ = {
			isa = PBXShellScriptBuildPhase;
			buildActionMask = 2147483647;
			files = (
			);
			inputFileListPaths = (
			);
			inputPaths = (
				"${PODS_PODFILE_DIR_PATH}/Podfile.lock",
				"${PODS_ROOT}/Manifest.lock",
			);
			name = "[CP] Check Pods Manifest.lock";
			outputFileListPaths = (
			);
			outputPaths = (
				"$(DERIVED_FILE_DIR)/Pods-PlayPortal-Swift-Template-checkManifestLockResult.txt",
			);
			runOnlyForDeploymentPostprocessing = 0;
			shellPath = /bin/sh;
			shellScript = "diff \"${PODS_PODFILE_DIR_PATH}/Podfile.lock\" \"${PODS_ROOT}/Manifest.lock\" > /dev/null\nif [ $? != 0 ] ; then\n    # print error to STDERR\n    echo \"error: The sandbox is not in sync with the Podfile.lock. Run 'pod install' or update your CocoaPods installation.\" >&2\n    exit 1\nfi\n# This output is used by Xcode 'outputs' to avoid re-running this script phase.\necho \"SUCCESS\" > \"${SCRIPT_OUTPUT_FILE_0}\"\n";
			showEnvVarsInLog = 0;
		};
/* End PBXShellScriptBuildPhase section */

/* Begin PBXSourcesBuildPhase section */
		1C32F76A2189FED700B9F773 /* Sources */ = {
			isa = PBXSourcesBuildPhase;
			buildActionMask = 2147483647;
			files = (
				1C24E516218A0A8D00E5B2F8 /* SettingsTableViewController.swift in Sources */,
				1C24E514218A08CD00E5B2F8 /* InitialViewController.swift in Sources */,
				1C24E512218A052300E5B2F8 /* LoginViewController.swift in Sources */,
				1C24E518218A0BE600E5B2F8 /* SettingsTableViewCell.swift in Sources */,
				1C32F7722189FED700B9F773 /* AppDelegate.swift in Sources */,
			);
			runOnlyForDeploymentPostprocessing = 0;
		};
/* End PBXSourcesBuildPhase section */

/* Begin PBXVariantGroup section */
		1C32F7752189FED700B9F773 /* Main.storyboard */ = {
			isa = PBXVariantGroup;
			children = (
				1C32F7762189FED700B9F773 /* Base */,
			);
			name = Main.storyboard;
			sourceTree = "<group>";
		};
		1C32F77A2189FED900B9F773 /* LaunchScreen.storyboard */ = {
			isa = PBXVariantGroup;
			children = (
				1C32F77B2189FED900B9F773 /* Base */,
			);
			name = LaunchScreen.storyboard;
			sourceTree = "<group>";
		};
/* End PBXVariantGroup section */

/* Begin XCBuildConfiguration section */
		1C32F77E2189FED900B9F773 /* Debug */ = {
			isa = XCBuildConfiguration;
			buildSettings = {
				ALWAYS_SEARCH_USER_PATHS = NO;
				CLANG_ANALYZER_NONNULL = YES;
				CLANG_ANALYZER_NUMBER_OBJECT_CONVERSION = YES_AGGRESSIVE;
				CLANG_CXX_LANGUAGE_STANDARD = "gnu++14";
				CLANG_CXX_LIBRARY = "libc++";
				CLANG_ENABLE_MODULES = YES;
				CLANG_ENABLE_OBJC_ARC = YES;
				CLANG_ENABLE_OBJC_WEAK = YES;
				CLANG_WARN_BLOCK_CAPTURE_AUTORELEASING = YES;
				CLANG_WARN_BOOL_CONVERSION = YES;
				CLANG_WARN_COMMA = YES;
				CLANG_WARN_CONSTANT_CONVERSION = YES;
				CLANG_WARN_DEPRECATED_OBJC_IMPLEMENTATIONS = YES;
				CLANG_WARN_DIRECT_OBJC_ISA_USAGE = YES_ERROR;
				CLANG_WARN_DOCUMENTATION_COMMENTS = YES;
				CLANG_WARN_EMPTY_BODY = YES;
				CLANG_WARN_ENUM_CONVERSION = YES;
				CLANG_WARN_INFINITE_RECURSION = YES;
				CLANG_WARN_INT_CONVERSION = YES;
				CLANG_WARN_NON_LITERAL_NULL_CONVERSION = YES;
				CLANG_WARN_OBJC_IMPLICIT_RETAIN_SELF = YES;
				CLANG_WARN_OBJC_LITERAL_CONVERSION = YES;
				CLANG_WARN_OBJC_ROOT_CLASS = YES_ERROR;
				CLANG_WARN_RANGE_LOOP_ANALYSIS = YES;
				CLANG_WARN_STRICT_PROTOTYPES = YES;
				CLANG_WARN_SUSPICIOUS_MOVE = YES;
				CLANG_WARN_UNGUARDED_AVAILABILITY = YES_AGGRESSIVE;
				CLANG_WARN_UNREACHABLE_CODE = YES;
				CLANG_WARN__DUPLICATE_METHOD_MATCH = YES;
				CODE_SIGN_IDENTITY = "iPhone Developer";
				COPY_PHASE_STRIP = NO;
				DEBUG_INFORMATION_FORMAT = dwarf;
				ENABLE_STRICT_OBJC_MSGSEND = YES;
				ENABLE_TESTABILITY = YES;
				GCC_C_LANGUAGE_STANDARD = gnu11;
				GCC_DYNAMIC_NO_PIC = NO;
				GCC_NO_COMMON_BLOCKS = YES;
				GCC_OPTIMIZATION_LEVEL = 0;
				GCC_PREPROCESSOR_DEFINITIONS = (
					"DEBUG=1",
					"$(inherited)",
				);
				GCC_WARN_64_TO_32_BIT_CONVERSION = YES;
				GCC_WARN_ABOUT_RETURN_TYPE = YES_ERROR;
				GCC_WARN_UNDECLARED_SELECTOR = YES;
				GCC_WARN_UNINITIALIZED_AUTOS = YES_AGGRESSIVE;
				GCC_WARN_UNUSED_FUNCTION = YES;
				GCC_WARN_UNUSED_VARIABLE = YES;
				IPHONEOS_DEPLOYMENT_TARGET = 12.0;
				MTL_ENABLE_DEBUG_INFO = INCLUDE_SOURCE;
				MTL_FAST_MATH = YES;
				ONLY_ACTIVE_ARCH = YES;
				SDKROOT = iphoneos;
				SWIFT_ACTIVE_COMPILATION_CONDITIONS = DEBUG;
				SWIFT_OPTIMIZATION_LEVEL = "-Onone";
			};
			name = Debug;
		};
		1C32F77F2189FED900B9F773 /* Release */ = {
			isa = XCBuildConfiguration;
			buildSettings = {
				ALWAYS_SEARCH_USER_PATHS = NO;
				CLANG_ANALYZER_NONNULL = YES;
				CLANG_ANALYZER_NUMBER_OBJECT_CONVERSION = YES_AGGRESSIVE;
				CLANG_CXX_LANGUAGE_STANDARD = "gnu++14";
				CLANG_CXX_LIBRARY = "libc++";
				CLANG_ENABLE_MODULES = YES;
				CLANG_ENABLE_OBJC_ARC = YES;
				CLANG_ENABLE_OBJC_WEAK = YES;
				CLANG_WARN_BLOCK_CAPTURE_AUTORELEASING = YES;
				CLANG_WARN_BOOL_CONVERSION = YES;
				CLANG_WARN_COMMA = YES;
				CLANG_WARN_CONSTANT_CONVERSION = YES;
				CLANG_WARN_DEPRECATED_OBJC_IMPLEMENTATIONS = YES;
				CLANG_WARN_DIRECT_OBJC_ISA_USAGE = YES_ERROR;
				CLANG_WARN_DOCUMENTATION_COMMENTS = YES;
				CLANG_WARN_EMPTY_BODY = YES;
				CLANG_WARN_ENUM_CONVERSION = YES;
				CLANG_WARN_INFINITE_RECURSION = YES;
				CLANG_WARN_INT_CONVERSION = YES;
				CLANG_WARN_NON_LITERAL_NULL_CONVERSION = YES;
				CLANG_WARN_OBJC_IMPLICIT_RETAIN_SELF = YES;
				CLANG_WARN_OBJC_LITERAL_CONVERSION = YES;
				CLANG_WARN_OBJC_ROOT_CLASS = YES_ERROR;
				CLANG_WARN_RANGE_LOOP_ANALYSIS = YES;
				CLANG_WARN_STRICT_PROTOTYPES = YES;
				CLANG_WARN_SUSPICIOUS_MOVE = YES;
				CLANG_WARN_UNGUARDED_AVAILABILITY = YES_AGGRESSIVE;
				CLANG_WARN_UNREACHABLE_CODE = YES;
				CLANG_WARN__DUPLICATE_METHOD_MATCH = YES;
				CODE_SIGN_IDENTITY = "iPhone Developer";
				COPY_PHASE_STRIP = NO;
				DEBUG_INFORMATION_FORMAT = "dwarf-with-dsym";
				ENABLE_NS_ASSERTIONS = NO;
				ENABLE_STRICT_OBJC_MSGSEND = YES;
				GCC_C_LANGUAGE_STANDARD = gnu11;
				GCC_NO_COMMON_BLOCKS = YES;
				GCC_WARN_64_TO_32_BIT_CONVERSION = YES;
				GCC_WARN_ABOUT_RETURN_TYPE = YES_ERROR;
				GCC_WARN_UNDECLARED_SELECTOR = YES;
				GCC_WARN_UNINITIALIZED_AUTOS = YES_AGGRESSIVE;
				GCC_WARN_UNUSED_FUNCTION = YES;
				GCC_WARN_UNUSED_VARIABLE = YES;
				IPHONEOS_DEPLOYMENT_TARGET = 12.0;
				MTL_ENABLE_DEBUG_INFO = NO;
				MTL_FAST_MATH = YES;
				SDKROOT = iphoneos;
				SWIFT_COMPILATION_MODE = wholemodule;
				SWIFT_OPTIMIZATION_LEVEL = "-O";
				VALIDATE_PRODUCT = YES;
			};
			name = Release;
		};
		1C32F7812189FED900B9F773 /* Debug */ = {
			isa = XCBuildConfiguration;
			baseConfigurationReference = 94AB49066ACEC075446AC9D3 /* Pods-PlayPortal-Swift-Template.debug.xcconfig */;
			buildSettings = {
				ASSETCATALOG_COMPILER_APPICON_NAME = AppIcon;
				CODE_SIGN_STYLE = Automatic;
				DEVELOPMENT_TEAM = SA5YU43KDL;
				INFOPLIST_FILE = "PlayPortal-Swift-Template/Info.plist";
				LD_RUNPATH_SEARCH_PATHS = (
					"$(inherited)",
					"@executable_path/Frameworks",
				);
				PRODUCT_BUNDLE_IDENTIFIER = "lincoln.fraley93.PlayPortal-Swift-Template";
				PRODUCT_NAME = "$(TARGET_NAME)";
				SWIFT_VERSION = 4.2;
				TARGETED_DEVICE_FAMILY = "1,2";
			};
			name = Debug;
		};
		1C32F7822189FED900B9F773 /* Release */ = {
			isa = XCBuildConfiguration;
			baseConfigurationReference = E2D1F093ECB5E69DBE8DB1E7 /* Pods-PlayPortal-Swift-Template.release.xcconfig */;
			buildSettings = {
				ASSETCATALOG_COMPILER_APPICON_NAME = AppIcon;
				CODE_SIGN_STYLE = Automatic;
				DEVELOPMENT_TEAM = SA5YU43KDL;
				INFOPLIST_FILE = "PlayPortal-Swift-Template/Info.plist";
				LD_RUNPATH_SEARCH_PATHS = (
					"$(inherited)",
					"@executable_path/Frameworks",
				);
				PRODUCT_BUNDLE_IDENTIFIER = "lincoln.fraley93.PlayPortal-Swift-Template";
				PRODUCT_NAME = "$(TARGET_NAME)";
				SWIFT_VERSION = 4.2;
				TARGETED_DEVICE_FAMILY = "1,2";
			};
			name = Release;
		};
/* End XCBuildConfiguration section */

/* Begin XCConfigurationList section */
		1C32F7692189FED700B9F773 /* Build configuration list for PBXProject "PlayPortal-Swift-Template" */ = {
			isa = XCConfigurationList;
			buildConfigurations = (
				1C32F77E2189FED900B9F773 /* Debug */,
				1C32F77F2189FED900B9F773 /* Release */,
			);
			defaultConfigurationIsVisible = 0;
			defaultConfigurationName = Release;
		};
		1C32F7802189FED900B9F773 /* Build configuration list for PBXNativeTarget "PlayPortal-Swift-Template" */ = {
			isa = XCConfigurationList;
			buildConfigurations = (
				1C32F7812189FED900B9F773 /* Debug */,
				1C32F7822189FED900B9F773 /* Release */,
			);
			defaultConfigurationIsVisible = 0;
			defaultConfigurationName = Release;
		};
/* End XCConfigurationList section */
	};
	rootObject = 1C32F7662189FED700B9F773 /* Project object */;
}
